{
  "name": "talkcards",
  "version": "1.0.0",
  "lockfileVersion": 3,
  "requires": true,
  "packages": {
    "": {
      "name": "talkcards",
      "version": "1.0.0",
      "license": "MIT",
      "devDependencies": {
        "ws": "^6.1.4"
      }
    },
    "node_modules/async-limiter": {
      "version": "1.0.1",
      "resolved": "https://registry.npmjs.org/async-limiter/-/async-limiter-1.0.1.tgz",
      "integrity": "sha512-csOlWGAcRFJaI6m+F2WKdnMKr4HhdhFVBk0H/QbJFMCr+uO2kwohwXQPxw/9OCxp05r5ghVBFSyioixx3gfkNQ==",
      "dev": true,
      "license": "MIT"
    },
    "node_modules/ws": {
      "version": "6.2.6",
      "resolved": "https://registry.npmjs.org/ws/-/ws-6.2.6.tgz",
      "integrity": "sha512-XTrf1gv7kXoVf1hbC3PAyAiPgR8Wz1blcrYIjEsUmr08BLksT41R8KbjmS9408C2ERx7v1JDLD/BkpLEttjfKA==",
      "dev": true,
      "license": "MIT",
      "dependencies": {
        "async-limiter": "~1.0.0"
      }
    }
  }
}
